
Microsoft Visual Studio Solution File, Format Version 12.00
# Visual Studio Version 17
VisualStudioVersion = 17.9.34616.47
MinimumVisualStudioVersion = 10.0.40219.1
Project("{FAE04EC0-301F-11D3-BF4B-00C04F79EFBC}") = "Restourant", "Restourant\Restourant.csproj", "{3922D079-D3B2-4EB2-872E-75E37ADA1603}"
EndProject
Project("{FAE04EC0-301F-11D3-BF4B-00C04F79EFBC}") = "Restourant.Domain", "Restourant.Domain\Restourant.Domain.csproj", "{C6C9A5DB-9B1D-4BDD-94C4-13B8463183C6}"
EndProject
Global
	GlobalSection(SolutionConfigurationPlatforms) = preSolution
		Debug|Any CPU = Debug|Any CPU
		Release|Any CPU = Release|Any CPU
	EndGlobalSection
	GlobalSection(ProjectConfigurationPlatforms) = postSolution
		{3922D079-D3B2-4EB2-872E-75E37ADA1603}.Debug|Any CPU.ActiveCfg = Debug|Any CPU
		{3922D079-D3B2-4EB2-872E-75E37ADA1603}.Debug|Any CPU.Build.0 = Debug|Any CPU
		{3922D079-D3B2-4EB2-872E-75E37ADA1603}.Release|Any CPU.ActiveCfg = Release|Any CPU
		{3922D079-D3B2-4EB2-872E-75E37ADA1603}.Release|Any CPU.Build.0 = Release|Any CPU
		{C6C9A5DB-9B1D-4BDD-94C4-13B8463183C6}.Debug|Any CPU.ActiveCfg = Debug|Any CPU
		{C6C9A5DB-9B1D-4BDD-94C4-13B8463183C6}.Debug|Any CPU.Build.0 = Debug|Any CPU
		{C6C9A5DB-9B1D-4BDD-94C4-13B8463183C6}.Release|Any CPU.ActiveCfg = Release|Any CPU
		{C6C9A5DB-9B1D-4BDD-94C4-13B8463183C6}.Release|Any CPU.Build.0 = Release|Any CPU
	EndGlobalSection
	GlobalSection(SolutionProperties) = preSolution
		HideSolutionNode = FALSE
	EndGlobalSection
	GlobalSection(ExtensibilityGlobals) = postSolution
		SolutionGuid = {D63F50C1-8E44-4075-ACB0-6A6000260A8B}
	EndGlobalSection
EndGlobal
