
Microsoft Visual Studio Solution File, Format Version 12.00
# Visual Studio Version 17
VisualStudioVersion = 17.9.34616.47
MinimumVisualStudioVersion = 10.0.40219.1
Project("{9A19103F-16F7-4668-BE54-9A1E7A4F7556}") = "Restourant", "Restourant\Restourant.csproj", "{3922D079-D3B2-4EB2-872E-75E37ADA1603}"
EndProject
Project("{9A19103F-16F7-4668-BE54-9A1E7A4F7556}") = "Restourant.DataAccess.Postgres", "Restourant.DataAccess.Postgres\Restourant.DataAccess.Postgres.csproj", "{5CF018B8-84F3-4ACA-B5C4-689E4104BD1C}"
EndProject
Global
	GlobalSection(SolutionConfigurationPlatforms) = preSolution
		Debug|Any CPU = Debug|Any CPU
		Release|Any CPU = Release|Any CPU
	EndGlobalSection
	GlobalSection(ProjectConfigurationPlatforms) = postSolution
		{3922D079-D3B2-4EB2-872E-75E37ADA1603}.Debug|Any CPU.ActiveCfg = Debug|Any CPU
		{3922D079-D3B2-4EB2-872E-75E37ADA1603}.Debug|Any CPU.Build.0 = Debug|Any CPU
		{3922D079-D3B2-4EB2-872E-75E37ADA1603}.Release|Any CPU.ActiveCfg = Release|Any CPU
		{3922D079-D3B2-4EB2-872E-75E37ADA1603}.Release|Any CPU.Build.0 = Release|Any CPU
		{5CF018B8-84F3-4ACA-B5C4-689E4104BD1C}.Debug|Any CPU.ActiveCfg = Debug|Any CPU
		{5CF018B8-84F3-4ACA-B5C4-689E4104BD1C}.Debug|Any CPU.Build.0 = Debug|Any CPU
		{5CF018B8-84F3-4ACA-B5C4-689E4104BD1C}.Release|Any CPU.ActiveCfg = Release|Any CPU
		{5CF018B8-84F3-4ACA-B5C4-689E4104BD1C}.Release|Any CPU.Build.0 = Release|Any CPU
	EndGlobalSection
	GlobalSection(SolutionProperties) = preSolution
		HideSolutionNode = FALSE
	EndGlobalSection
	GlobalSection(ExtensibilityGlobals) = postSolution
		SolutionGuid = {D63F50C1-8E44-4075-ACB0-6A6000260A8B}
	EndGlobalSection
EndGlobal
